
Microsoft Visual Studio Solution File, Format Version 12.00
# Visual Studio 15
VisualStudioVersion = 15.0.26124.0
MinimumVisualStudioVersion = 15.0.26124.0
Project("{FAE04EC0-301F-11D3-BF4B-00C04F79EFBC}") = "BinarySearch", "BinarySearch\BinarySearch.csproj", "{4B4F32BA-2734-4391-BCCC-5392F4905FD0}"
EndProject
Project("{FAE04EC0-301F-11D3-BF4B-00C04F79EFBC}") = "BinarySearch.Tests", "BinarySearch.Tests\BinarySearch.Tests.csproj", "{D662B39E-4529-4935-85DC-6AA8CDE75D80}"
EndProject
Project("{FAE04EC0-301F-11D3-BF4B-00C04F79EFBC}") = "Collections", "Collections\Collections.csproj", "{77BE6523-09AF-426F-85A4-6F8258DDBD95}"
EndProject
Project("{FAE04EC0-301F-11D3-BF4B-00C04F79EFBC}") = "Collections.Tests", "Collections.Tests\Collections.Tests.csproj", "{CA5D780C-8F18-45F4-A9FE-69D4F2836316}"
EndProject
Project("{FAE04EC0-301F-11D3-BF4B-00C04F79EFBC}") = "DynamicConnectivity", "DynamicConnectivity\DynamicConnectivity.csproj", "{2D9A4F79-375A-4F61-8DDB-C6960B61281E}"
EndProject
Project("{FAE04EC0-301F-11D3-BF4B-00C04F79EFBC}") = "DynamicConnectivity.Tests", "DynamicConnectivity.Tests\DynamicConnectivity.Tests.csproj", "{F7DB5E67-4285-4114-9094-5F8D4362A306}"
EndProject
Project("{FAE04EC0-301F-11D3-BF4B-00C04F79EFBC}") = "Percolation", "Percolation\Percolation.csproj", "{E90BABAB-4A06-4957-825B-1C1AF641A41D}"
EndProject
Project("{FAE04EC0-301F-11D3-BF4B-00C04F79EFBC}") = "PercolationSimulator", "PercolationSimulator\PercolationSimulator.csproj", "{C1064CD3-0D52-473A-96DB-09E306375A04}"
EndProject
Project("{FAE04EC0-301F-11D3-BF4B-00C04F79EFBC}") = "Sorts", "Sorts\Sorts.csproj", "{29E44CB7-2E6C-42D4-A764-7BB6A9336EDB}"
EndProject
Project("{FAE04EC0-301F-11D3-BF4B-00C04F79EFBC}") = "Sorts.Tests", "Sorts.Tests\Sorts.Tests.csproj", "{F396409F-B6C8-454B-9B9E-16EA6EC25800}"
EndProject
Project("{FAE04EC0-301F-11D3-BF4B-00C04F79EFBC}") = "Sums", "Sums\Sums.csproj", "{A39165AB-6477-4662-9689-642A6B027608}"
EndProject
Project("{FAE04EC0-301F-11D3-BF4B-00C04F79EFBC}") = "Sums.Tests", "Sums.Tests\Sums.Tests.csproj", "{0A23EC19-6B37-4EEF-B7B5-60A72C57B495}"
EndProject
Global
	GlobalSection(SolutionConfigurationPlatforms) = preSolution
		Debug|Any CPU = Debug|Any CPU
		Debug|x64 = Debug|x64
		Debug|x86 = Debug|x86
		Release|Any CPU = Release|Any CPU
		Release|x64 = Release|x64
		Release|x86 = Release|x86
	EndGlobalSection
	GlobalSection(SolutionProperties) = preSolution
		HideSolutionNode = FALSE
	EndGlobalSection
	GlobalSection(ProjectConfigurationPlatforms) = postSolution
		{4B4F32BA-2734-4391-BCCC-5392F4905FD0}.Debug|Any CPU.ActiveCfg = Debug|Any CPU
		{4B4F32BA-2734-4391-BCCC-5392F4905FD0}.Debug|Any CPU.Build.0 = Debug|Any CPU
		{4B4F32BA-2734-4391-BCCC-5392F4905FD0}.Debug|x64.ActiveCfg = Debug|Any CPU
		{4B4F32BA-2734-4391-BCCC-5392F4905FD0}.Debug|x64.Build.0 = Debug|Any CPU
		{4B4F32BA-2734-4391-BCCC-5392F4905FD0}.Debug|x86.ActiveCfg = Debug|Any CPU
		{4B4F32BA-2734-4391-BCCC-5392F4905FD0}.Debug|x86.Build.0 = Debug|Any CPU
		{4B4F32BA-2734-4391-BCCC-5392F4905FD0}.Release|Any CPU.ActiveCfg = Release|Any CPU
		{4B4F32BA-2734-4391-BCCC-5392F4905FD0}.Release|Any CPU.Build.0 = Release|Any CPU
		{4B4F32BA-2734-4391-BCCC-5392F4905FD0}.Release|x64.ActiveCfg = Release|Any CPU
		{4B4F32BA-2734-4391-BCCC-5392F4905FD0}.Release|x64.Build.0 = Release|Any CPU
		{4B4F32BA-2734-4391-BCCC-5392F4905FD0}.Release|x86.ActiveCfg = Release|Any CPU
		{4B4F32BA-2734-4391-BCCC-5392F4905FD0}.Release|x86.Build.0 = Release|Any CPU
		{D662B39E-4529-4935-85DC-6AA8CDE75D80}.Debug|Any CPU.ActiveCfg = Debug|Any CPU
		{D662B39E-4529-4935-85DC-6AA8CDE75D80}.Debug|Any CPU.Build.0 = Debug|Any CPU
		{D662B39E-4529-4935-85DC-6AA8CDE75D80}.Debug|x64.ActiveCfg = Debug|Any CPU
		{D662B39E-4529-4935-85DC-6AA8CDE75D80}.Debug|x64.Build.0 = Debug|Any CPU
		{D662B39E-4529-4935-85DC-6AA8CDE75D80}.Debug|x86.ActiveCfg = Debug|Any CPU
		{D662B39E-4529-4935-85DC-6AA8CDE75D80}.Debug|x86.Build.0 = Debug|Any CPU
		{D662B39E-4529-4935-85DC-6AA8CDE75D80}.Release|Any CPU.ActiveCfg = Release|Any CPU
		{D662B39E-4529-4935-85DC-6AA8CDE75D80}.Release|Any CPU.Build.0 = Release|Any CPU
		{D662B39E-4529-4935-85DC-6AA8CDE75D80}.Release|x64.ActiveCfg = Release|Any CPU
		{D662B39E-4529-4935-85DC-6AA8CDE75D80}.Release|x64.Build.0 = Release|Any CPU
		{D662B39E-4529-4935-85DC-6AA8CDE75D80}.Release|x86.ActiveCfg = Release|Any CPU
		{D662B39E-4529-4935-85DC-6AA8CDE75D80}.Release|x86.Build.0 = Release|Any CPU
		{77BE6523-09AF-426F-85A4-6F8258DDBD95}.Debug|Any CPU.ActiveCfg = Debug|Any CPU
		{77BE6523-09AF-426F-85A4-6F8258DDBD95}.Debug|Any CPU.Build.0 = Debug|Any CPU
		{77BE6523-09AF-426F-85A4-6F8258DDBD95}.Debug|x64.ActiveCfg = Debug|Any CPU
		{77BE6523-09AF-426F-85A4-6F8258DDBD95}.Debug|x64.Build.0 = Debug|Any CPU
		{77BE6523-09AF-426F-85A4-6F8258DDBD95}.Debug|x86.ActiveCfg = Debug|Any CPU
		{77BE6523-09AF-426F-85A4-6F8258DDBD95}.Debug|x86.Build.0 = Debug|Any CPU
		{77BE6523-09AF-426F-85A4-6F8258DDBD95}.Release|Any CPU.ActiveCfg = Release|Any CPU
		{77BE6523-09AF-426F-85A4-6F8258DDBD95}.Release|Any CPU.Build.0 = Release|Any CPU
		{77BE6523-09AF-426F-85A4-6F8258DDBD95}.Release|x64.ActiveCfg = Release|Any CPU
		{77BE6523-09AF-426F-85A4-6F8258DDBD95}.Release|x64.Build.0 = Release|Any CPU
		{77BE6523-09AF-426F-85A4-6F8258DDBD95}.Release|x86.ActiveCfg = Release|Any CPU
		{77BE6523-09AF-426F-85A4-6F8258DDBD95}.Release|x86.Build.0 = Release|Any CPU
		{CA5D780C-8F18-45F4-A9FE-69D4F2836316}.Debug|Any CPU.ActiveCfg = Debug|Any CPU
		{CA5D780C-8F18-45F4-A9FE-69D4F2836316}.Debug|Any CPU.Build.0 = Debug|Any CPU
		{CA5D780C-8F18-45F4-A9FE-69D4F2836316}.Debug|x64.ActiveCfg = Debug|Any CPU
		{CA5D780C-8F18-45F4-A9FE-69D4F2836316}.Debug|x64.Build.0 = Debug|Any CPU
		{CA5D780C-8F18-45F4-A9FE-69D4F2836316}.Debug|x86.ActiveCfg = Debug|Any CPU
		{CA5D780C-8F18-45F4-A9FE-69D4F2836316}.Debug|x86.Build.0 = Debug|Any CPU
		{CA5D780C-8F18-45F4-A9FE-69D4F2836316}.Release|Any CPU.ActiveCfg = Release|Any CPU
		{CA5D780C-8F18-45F4-A9FE-69D4F2836316}.Release|Any CPU.Build.0 = Release|Any CPU
		{CA5D780C-8F18-45F4-A9FE-69D4F2836316}.Release|x64.ActiveCfg = Release|Any CPU
		{CA5D780C-8F18-45F4-A9FE-69D4F2836316}.Release|x64.Build.0 = Release|Any CPU
		{CA5D780C-8F18-45F4-A9FE-69D4F2836316}.Release|x86.ActiveCfg = Release|Any CPU
		{CA5D780C-8F18-45F4-A9FE-69D4F2836316}.Release|x86.Build.0 = Release|Any CPU
		{2D9A4F79-375A-4F61-8DDB-C6960B61281E}.Debug|Any CPU.ActiveCfg = Debug|Any CPU
		{2D9A4F79-375A-4F61-8DDB-C6960B61281E}.Debug|Any CPU.Build.0 = Debug|Any CPU
		{2D9A4F79-375A-4F61-8DDB-C6960B61281E}.Debug|x64.ActiveCfg = Debug|Any CPU
		{2D9A4F79-375A-4F61-8DDB-C6960B61281E}.Debug|x64.Build.0 = Debug|Any CPU
		{2D9A4F79-375A-4F61-8DDB-C6960B61281E}.Debug|x86.ActiveCfg = Debug|Any CPU
		{2D9A4F79-375A-4F61-8DDB-C6960B61281E}.Debug|x86.Build.0 = Debug|Any CPU
		{2D9A4F79-375A-4F61-8DDB-C6960B61281E}.Release|Any CPU.ActiveCfg = Release|Any CPU
		{2D9A4F79-375A-4F61-8DDB-C6960B61281E}.Release|Any CPU.Build.0 = Release|Any CPU
		{2D9A4F79-375A-4F61-8DDB-C6960B61281E}.Release|x64.ActiveCfg = Release|Any CPU
		{2D9A4F79-375A-4F61-8DDB-C6960B61281E}.Release|x64.Build.0 = Release|Any CPU
		{2D9A4F79-375A-4F61-8DDB-C6960B61281E}.Release|x86.ActiveCfg = Release|Any CPU
		{2D9A4F79-375A-4F61-8DDB-C6960B61281E}.Release|x86.Build.0 = Release|Any CPU
		{F7DB5E67-4285-4114-9094-5F8D4362A306}.Debug|Any CPU.ActiveCfg = Debug|Any CPU
		{F7DB5E67-4285-4114-9094-5F8D4362A306}.Debug|Any CPU.Build.0 = Debug|Any CPU
		{F7DB5E67-4285-4114-9094-5F8D4362A306}.Debug|x64.ActiveCfg = Debug|Any CPU
		{F7DB5E67-4285-4114-9094-5F8D4362A306}.Debug|x64.Build.0 = Debug|Any CPU
		{F7DB5E67-4285-4114-9094-5F8D4362A306}.Debug|x86.ActiveCfg = Debug|Any CPU
		{F7DB5E67-4285-4114-9094-5F8D4362A306}.Debug|x86.Build.0 = Debug|Any CPU
		{F7DB5E67-4285-4114-9094-5F8D4362A306}.Release|Any CPU.ActiveCfg = Release|Any CPU
		{F7DB5E67-4285-4114-9094-5F8D4362A306}.Release|Any CPU.Build.0 = Release|Any CPU
		{F7DB5E67-4285-4114-9094-5F8D4362A306}.Release|x64.ActiveCfg = Release|Any CPU
		{F7DB5E67-4285-4114-9094-5F8D4362A306}.Release|x64.Build.0 = Release|Any CPU
		{F7DB5E67-4285-4114-9094-5F8D4362A306}.Release|x86.ActiveCfg = Release|Any CPU
		{F7DB5E67-4285-4114-9094-5F8D4362A306}.Release|x86.Build.0 = Release|Any CPU
		{E90BABAB-4A06-4957-825B-1C1AF641A41D}.Debug|Any CPU.ActiveCfg = Debug|Any CPU
		{E90BABAB-4A06-4957-825B-1C1AF641A41D}.Debug|Any CPU.Build.0 = Debug|Any CPU
		{E90BABAB-4A06-4957-825B-1C1AF641A41D}.Debug|x64.ActiveCfg = Debug|Any CPU
		{E90BABAB-4A06-4957-825B-1C1AF641A41D}.Debug|x64.Build.0 = Debug|Any CPU
		{E90BABAB-4A06-4957-825B-1C1AF641A41D}.Debug|x86.ActiveCfg = Debug|Any CPU
		{E90BABAB-4A06-4957-825B-1C1AF641A41D}.Debug|x86.Build.0 = Debug|Any CPU
		{E90BABAB-4A06-4957-825B-1C1AF641A41D}.Release|Any CPU.ActiveCfg = Release|Any CPU
		{E90BABAB-4A06-4957-825B-1C1AF641A41D}.Release|Any CPU.Build.0 = Release|Any CPU
		{E90BABAB-4A06-4957-825B-1C1AF641A41D}.Release|x64.ActiveCfg = Release|Any CPU
		{E90BABAB-4A06-4957-825B-1C1AF641A41D}.Release|x64.Build.0 = Release|Any CPU
		{E90BABAB-4A06-4957-825B-1C1AF641A41D}.Release|x86.ActiveCfg = Release|Any CPU
		{E90BABAB-4A06-4957-825B-1C1AF641A41D}.Release|x86.Build.0 = Release|Any CPU
		{C1064CD3-0D52-473A-96DB-09E306375A04}.Debug|Any CPU.ActiveCfg = Debug|Any CPU
		{C1064CD3-0D52-473A-96DB-09E306375A04}.Debug|Any CPU.Build.0 = Debug|Any CPU
		{C1064CD3-0D52-473A-96DB-09E306375A04}.Debug|x64.ActiveCfg = Debug|Any CPU
		{C1064CD3-0D52-473A-96DB-09E306375A04}.Debug|x64.Build.0 = Debug|Any CPU
		{C1064CD3-0D52-473A-96DB-09E306375A04}.Debug|x86.ActiveCfg = Debug|Any CPU
		{C1064CD3-0D52-473A-96DB-09E306375A04}.Debug|x86.Build.0 = Debug|Any CPU
		{C1064CD3-0D52-473A-96DB-09E306375A04}.Release|Any CPU.ActiveCfg = Release|Any CPU
		{C1064CD3-0D52-473A-96DB-09E306375A04}.Release|Any CPU.Build.0 = Release|Any CPU
		{C1064CD3-0D52-473A-96DB-09E306375A04}.Release|x64.ActiveCfg = Release|Any CPU
		{C1064CD3-0D52-473A-96DB-09E306375A04}.Release|x64.Build.0 = Release|Any CPU
		{C1064CD3-0D52-473A-96DB-09E306375A04}.Release|x86.ActiveCfg = Release|Any CPU
		{C1064CD3-0D52-473A-96DB-09E306375A04}.Release|x86.Build.0 = Release|Any CPU
		{29E44CB7-2E6C-42D4-A764-7BB6A9336EDB}.Debug|Any CPU.ActiveCfg = Debug|Any CPU
		{29E44CB7-2E6C-42D4-A764-7BB6A9336EDB}.Debug|Any CPU.Build.0 = Debug|Any CPU
		{29E44CB7-2E6C-42D4-A764-7BB6A9336EDB}.Debug|x64.ActiveCfg = Debug|Any CPU
		{29E44CB7-2E6C-42D4-A764-7BB6A9336EDB}.Debug|x64.Build.0 = Debug|Any CPU
		{29E44CB7-2E6C-42D4-A764-7BB6A9336EDB}.Debug|x86.ActiveCfg = Debug|Any CPU
		{29E44CB7-2E6C-42D4-A764-7BB6A9336EDB}.Debug|x86.Build.0 = Debug|Any CPU
		{29E44CB7-2E6C-42D4-A764-7BB6A9336EDB}.Release|Any CPU.ActiveCfg = Release|Any CPU
		{29E44CB7-2E6C-42D4-A764-7BB6A9336EDB}.Release|Any CPU.Build.0 = Release|Any CPU
		{29E44CB7-2E6C-42D4-A764-7BB6A9336EDB}.Release|x64.ActiveCfg = Release|Any CPU
		{29E44CB7-2E6C-42D4-A764-7BB6A9336EDB}.Release|x64.Build.0 = Release|Any CPU
		{29E44CB7-2E6C-42D4-A764-7BB6A9336EDB}.Release|x86.ActiveCfg = Release|Any CPU
		{29E44CB7-2E6C-42D4-A764-7BB6A9336EDB}.Release|x86.Build.0 = Release|Any CPU
		{F396409F-B6C8-454B-9B9E-16EA6EC25800}.Debug|Any CPU.ActiveCfg = Debug|Any CPU
		{F396409F-B6C8-454B-9B9E-16EA6EC25800}.Debug|Any CPU.Build.0 = Debug|Any CPU
		{F396409F-B6C8-454B-9B9E-16EA6EC25800}.Debug|x64.ActiveCfg = Debug|Any CPU
		{F396409F-B6C8-454B-9B9E-16EA6EC25800}.Debug|x64.Build.0 = Debug|Any CPU
		{F396409F-B6C8-454B-9B9E-16EA6EC25800}.Debug|x86.ActiveCfg = Debug|Any CPU
		{F396409F-B6C8-454B-9B9E-16EA6EC25800}.Debug|x86.Build.0 = Debug|Any CPU
		{F396409F-B6C8-454B-9B9E-16EA6EC25800}.Release|Any CPU.ActiveCfg = Release|Any CPU
		{F396409F-B6C8-454B-9B9E-16EA6EC25800}.Release|Any CPU.Build.0 = Release|Any CPU
		{F396409F-B6C8-454B-9B9E-16EA6EC25800}.Release|x64.ActiveCfg = Release|Any CPU
		{F396409F-B6C8-454B-9B9E-16EA6EC25800}.Release|x64.Build.0 = Release|Any CPU
		{F396409F-B6C8-454B-9B9E-16EA6EC25800}.Release|x86.ActiveCfg = Release|Any CPU
		{F396409F-B6C8-454B-9B9E-16EA6EC25800}.Release|x86.Build.0 = Release|Any CPU
		{A39165AB-6477-4662-9689-642A6B027608}.Debug|Any CPU.ActiveCfg = Debug|Any CPU
		{A39165AB-6477-4662-9689-642A6B027608}.Debug|Any CPU.Build.0 = Debug|Any CPU
		{A39165AB-6477-4662-9689-642A6B027608}.Debug|x64.ActiveCfg = Debug|Any CPU
		{A39165AB-6477-4662-9689-642A6B027608}.Debug|x64.Build.0 = Debug|Any CPU
		{A39165AB-6477-4662-9689-642A6B027608}.Debug|x86.ActiveCfg = Debug|Any CPU
		{A39165AB-6477-4662-9689-642A6B027608}.Debug|x86.Build.0 = Debug|Any CPU
		{A39165AB-6477-4662-9689-642A6B027608}.Release|Any CPU.ActiveCfg = Release|Any CPU
		{A39165AB-6477-4662-9689-642A6B027608}.Release|Any CPU.Build.0 = Release|Any CPU
		{A39165AB-6477-4662-9689-642A6B027608}.Release|x64.ActiveCfg = Release|Any CPU
		{A39165AB-6477-4662-9689-642A6B027608}.Release|x64.Build.0 = Release|Any CPU
		{A39165AB-6477-4662-9689-642A6B027608}.Release|x86.ActiveCfg = Release|Any CPU
		{A39165AB-6477-4662-9689-642A6B027608}.Release|x86.Build.0 = Release|Any CPU
		{0A23EC19-6B37-4EEF-B7B5-60A72C57B495}.Debug|Any CPU.ActiveCfg = Debug|Any CPU
		{0A23EC19-6B37-4EEF-B7B5-60A72C57B495}.Debug|Any CPU.Build.0 = Debug|Any CPU
		{0A23EC19-6B37-4EEF-B7B5-60A72C57B495}.Debug|x64.ActiveCfg = Debug|Any CPU
		{0A23EC19-6B37-4EEF-B7B5-60A72C57B495}.Debug|x64.Build.0 = Debug|Any CPU
		{0A23EC19-6B37-4EEF-B7B5-60A72C57B495}.Debug|x86.ActiveCfg = Debug|Any CPU
		{0A23EC19-6B37-4EEF-B7B5-60A72C57B495}.Debug|x86.Build.0 = Debug|Any CPU
		{0A23EC19-6B37-4EEF-B7B5-60A72C57B495}.Release|Any CPU.ActiveCfg = Release|Any CPU
		{0A23EC19-6B37-4EEF-B7B5-60A72C57B495}.Release|Any CPU.Build.0 = Release|Any CPU
		{0A23EC19-6B37-4EEF-B7B5-60A72C57B495}.Release|x64.ActiveCfg = Release|Any CPU
		{0A23EC19-6B37-4EEF-B7B5-60A72C57B495}.Release|x64.Build.0 = Release|Any CPU
		{0A23EC19-6B37-4EEF-B7B5-60A72C57B495}.Release|x86.ActiveCfg = Release|Any CPU
		{0A23EC19-6B37-4EEF-B7B5-60A72C57B495}.Release|x86.Build.0 = Release|Any CPU
	EndGlobalSection
EndGlobal
